
Microsoft Visual Studio Solution File, Format Version 12.00
# Visual Studio Version 16
VisualStudioVersion = 16.0.31702.278
MinimumVisualStudioVersion = 10.0.40219.1
Project("{FAE04EC0-301F-11D3-BF4B-00C04F79EFBC}") = "Proyecto1", "Proyecto1\Proyecto1.csproj", "{FF8DF684-FD5E-4962-AD99-3C4A729B8115}"
EndProject
Project("{FAE04EC0-301F-11D3-BF4B-00C04F79EFBC}") = "Proyecto2", "..\Proyecto2\Proyecto2.csproj", "{AA03EE01-0C51-4295-A684-BDB2BA147E3B}"
EndProject
Project("{FAE04EC0-301F-11D3-BF4B-00C04F79EFBC}") = "Proyecto5", "..\Proyecto5\Proyecto5.csproj", "{211E7C35-443E-4DD6-8424-B3899F467F05}"
EndProject
Global
	GlobalSection(SolutionConfigurationPlatforms) = preSolution
		Debug|Any CPU = Debug|Any CPU
		Release|Any CPU = Release|Any CPU
	EndGlobalSection
	GlobalSection(ProjectConfigurationPlatforms) = postSolution
		{FF8DF684-FD5E-4962-AD99-3C4A729B8115}.Debug|Any CPU.ActiveCfg = Debug|Any CPU
		{FF8DF684-FD5E-4962-AD99-3C4A729B8115}.Debug|Any CPU.Build.0 = Debug|Any CPU
		{FF8DF684-FD5E-4962-AD99-3C4A729B8115}.Release|Any CPU.ActiveCfg = Release|Any CPU
		{FF8DF684-FD5E-4962-AD99-3C4A729B8115}.Release|Any CPU.Build.0 = Release|Any CPU
		{AA03EE01-0C51-4295-A684-BDB2BA147E3B}.Debug|Any CPU.ActiveCfg = Debug|Any CPU
		{AA03EE01-0C51-4295-A684-BDB2BA147E3B}.Debug|Any CPU.Build.0 = Debug|Any CPU
		{AA03EE01-0C51-4295-A684-BDB2BA147E3B}.Release|Any CPU.ActiveCfg = Release|Any CPU
		{AA03EE01-0C51-4295-A684-BDB2BA147E3B}.Release|Any CPU.Build.0 = Release|Any CPU
		{211E7C35-443E-4DD6-8424-B3899F467F05}.Debug|Any CPU.ActiveCfg = Debug|Any CPU
		{211E7C35-443E-4DD6-8424-B3899F467F05}.Debug|Any CPU.Build.0 = Debug|Any CPU
		{211E7C35-443E-4DD6-8424-B3899F467F05}.Release|Any CPU.ActiveCfg = Release|Any CPU
		{211E7C35-443E-4DD6-8424-B3899F467F05}.Release|Any CPU.Build.0 = Release|Any CPU
	EndGlobalSection
	GlobalSection(SolutionProperties) = preSolution
		HideSolutionNode = FALSE
	EndGlobalSection
	GlobalSection(ExtensibilityGlobals) = postSolution
		SolutionGuid = {E5EB9E28-C0D9-4D28-9E21-7156BD7541AA}
	EndGlobalSection
EndGlobal
